{
  "nodes": {
    "nixpkgs": {
      "locked": {
        "lastModified": 1622476336,
        "narHash": "sha256-ZtG5XL09OhzKxM3/zYLpEZk8i0dFVOqT6ZsIRaGJP24=",
        "owner": "nixos",
        "repo": "nixpkgs",
        "rev": "ef555f6a0b0ce6dfe0dae24b5c3f7a84292627a1",
        "type": "github"
      },
      "original": {
        "owner": "nixos",
        "repo": "nixpkgs",
        "type": "github"
      }
    },
    "root": {
      "inputs": {
        "nixpkgs": "nixpkgs"
      }
    }
  },
  "root": "root",
  "version": 7
}
